
Microsoft Visual Studio Solution File, Format Version 12.00
# Visual Studio Version 16
VisualStudioVersion = 16.0.30711.63
MinimumVisualStudioVersion = 10.0.40219.1
Project("{FAE04EC0-301F-11D3-BF4B-00C04F79EFBC}") = "webTRON Management Software", "webTRON Management Software.csproj", "{34C95310-35C4-4F91-844C-2DB2F42CBE90}"
EndProject
Global
	GlobalSection(SolutionConfigurationPlatforms) = preSolution
		Debug|Any CPU = Debug|Any CPU
		Release|Any CPU = Release|Any CPU
	EndGlobalSection
	GlobalSection(ProjectConfigurationPlatforms) = postSolution
		{34C95310-35C4-4F91-844C-2DB2F42CBE90}.Debug|Any CPU.ActiveCfg = Debug|Any CPU
		{34C95310-35C4-4F91-844C-2DB2F42CBE90}.Debug|Any CPU.Build.0 = Debug|Any CPU
		{34C95310-35C4-4F91-844C-2DB2F42CBE90}.Release|Any CPU.ActiveCfg = Release|Any CPU
		{34C95310-35C4-4F91-844C-2DB2F42CBE90}.Release|Any CPU.Build.0 = Release|Any CPU
	EndGlobalSection
	GlobalSection(SolutionProperties) = preSolution
		HideSolutionNode = FALSE
	EndGlobalSection
	GlobalSection(ExtensibilityGlobals) = postSolution
		SolutionGuid = {693686F7-7FBC-4019-B2BD-C8C3C7EF8620}
	EndGlobalSection
EndGlobal
